// !$*UTF8*$!
{
	archiveVersion = 1;
	classes = {
	};
	objectVersion = 55;
	objects = {

/* Begin PBXBuildFile section */
		760072BE287C98050021D774 /* PopularCollectionViewCell.swift in Sources */ = {isa = PBXBuildFile; fileRef = 760072BD287C98050021D774 /* PopularCollectionViewCell.swift */; };
		760072C0287C984B0021D774 /* NowPlayingCollectionViewCell.swift in Sources */ = {isa = PBXBuildFile; fileRef = 760072BF287C984B0021D774 /* NowPlayingCollectionViewCell.swift */; };
		760072C2287C989A0021D774 /* UpcomingCollectionViewCell.swift in Sources */ = {isa = PBXBuildFile; fileRef = 760072C1287C989A0021D774 /* UpcomingCollectionViewCell.swift */; };
		76914834287DF4F400628BEB /* movie_data in Resources */ = {isa = PBXBuildFile; fileRef = 76914833287DF4F400628BEB /* movie_data */; };
		7691483D287DF7EC00628BEB /* Movie+TrendingThisWeek.swift in Sources */ = {isa = PBXBuildFile; fileRef = 76914839287DF7EC00628BEB /* Movie+TrendingThisWeek.swift */; };
		7691483E287DF7EC00628BEB /* Movie+Popular.swift in Sources */ = {isa = PBXBuildFile; fileRef = 7691483B287DF7EC00628BEB /* Movie+Popular.swift */; };
		7691483F287DF7EC00628BEB /* Movie+NowPlaying.swift in Sources */ = {isa = PBXBuildFile; fileRef = 7691483C287DF7EC00628BEB /* Movie+NowPlaying.swift */; };
		76914840287DF7EC00628BEB /* Movie.swift in Sources */ = {isa = PBXBuildFile; fileRef = 76914838287DF7EC00628BEB /* Movie.swift */; };
		76914841287DF7EC00628BEB /* Movie+TrendingToday.swift in Sources */ = {isa = PBXBuildFile; fileRef = 76914837287DF7EC00628BEB /* Movie+TrendingToday.swift */; };
		76914842287DF7EC00628BEB /* Movie+Upcoming.swift in Sources */ = {isa = PBXBuildFile; fileRef = 7691483A287DF7EC00628BEB /* Movie+Upcoming.swift */; };
		76914844287E145100628BEB /* FeaturedViewController+UICollectionViewDataSource.swift in Sources */ = {isa = PBXBuildFile; fileRef = 76914843287E145100628BEB /* FeaturedViewController+UICollectionViewDataSource.swift */; };
		7695DCFE28873E2A00FF42A8 /* PosterViewController.swift in Sources */ = {isa = PBXBuildFile; fileRef = 7695DCFD28873E2A00FF42A8 /* PosterViewController.swift */; };
		76A8C753287F3F01008B2784 /* DetailsViewController.swift in Sources */ = {isa = PBXBuildFile; fileRef = 76A8C752287F3F01008B2784 /* DetailsViewController.swift */; };
		76A8C755287F47E2008B2784 /* FeaturedViewController+UICollectionViewDelegate.swift in Sources */ = {isa = PBXBuildFile; fileRef = 76A8C754287F47E2008B2784 /* FeaturedViewController+UICollectionViewDelegate.swift */; };
		76B9DAF12881E7F200AAFD2C /* TMDB-Info.plist in Resources */ = {isa = PBXBuildFile; fileRef = 76B9DAF02881E7F200AAFD2C /* TMDB-Info.plist */; };
		76B9DAF32881EC5900AAFD2C /* Movie+API.swift in Sources */ = {isa = PBXBuildFile; fileRef = 76B9DAF22881EC5900AAFD2C /* Movie+API.swift */; };
		76B9DAF52881F8C800AAFD2C /* MoviesResponse.swift in Sources */ = {isa = PBXBuildFile; fileRef = 76B9DAF42881F8C800AAFD2C /* MoviesResponse.swift */; };
		76F4F7E52873777800770739 /* AppDelegate.swift in Sources */ = {isa = PBXBuildFile; fileRef = 76F4F7E42873777800770739 /* AppDelegate.swift */; };
		76F4F7E72873777800770739 /* SceneDelegate.swift in Sources */ = {isa = PBXBuildFile; fileRef = 76F4F7E62873777800770739 /* SceneDelegate.swift */; };
		76F4F7E92873777800770739 /* FeaturedViewController.swift in Sources */ = {isa = PBXBuildFile; fileRef = 76F4F7E82873777800770739 /* FeaturedViewController.swift */; };
		76F4F7EC2873777800770739 /* Main.storyboard in Resources */ = {isa = PBXBuildFile; fileRef = 76F4F7EA2873777800770739 /* Main.storyboard */; };
		76F4F7EE2873777800770739 /* Assets.xcassets in Resources */ = {isa = PBXBuildFile; fileRef = 76F4F7ED2873777800770739 /* Assets.xcassets */; };
		76F4F7F12873777800770739 /* LaunchScreen.storyboard in Resources */ = {isa = PBXBuildFile; fileRef = 76F4F7EF2873777800770739 /* LaunchScreen.storyboard */; };
/* End PBXBuildFile section */

/* Begin PBXFileReference section */
		760072BD287C98050021D774 /* PopularCollectionViewCell.swift */ = {isa = PBXFileReference; lastKnownFileType = sourcecode.swift; path = PopularCollectionViewCell.swift; sourceTree = "<group>"; };
		760072BF287C984B0021D774 /* NowPlayingCollectionViewCell.swift */ = {isa = PBXFileReference; lastKnownFileType = sourcecode.swift; path = NowPlayingCollectionViewCell.swift; sourceTree = "<group>"; };
		760072C1287C989A0021D774 /* UpcomingCollectionViewCell.swift */ = {isa = PBXFileReference; lastKnownFileType = sourcecode.swift; path = UpcomingCollectionViewCell.swift; sourceTree = "<group>"; };
		76914833287DF4F400628BEB /* movie_data */ = {isa = PBXFileReference; lastKnownFileType = folder; path = movie_data; sourceTree = "<group>"; };
		76914837287DF7EC00628BEB /* Movie+TrendingToday.swift */ = {isa = PBXFileReference; lastKnownFileType = sourcecode.swift; path = "Movie+TrendingToday.swift"; sourceTree = "<group>"; };
		76914838287DF7EC00628BEB /* Movie.swift */ = {isa = PBXFileReference; lastKnownFileType = sourcecode.swift; path = Movie.swift; sourceTree = "<group>"; };
		76914839287DF7EC00628BEB /* Movie+TrendingThisWeek.swift */ = {isa = PBXFileReference; lastKnownFileType = sourcecode.swift; path = "Movie+TrendingThisWeek.swift"; sourceTree = "<group>"; };
		7691483A287DF7EC00628BEB /* Movie+Upcoming.swift */ = {isa = PBXFileReference; lastKnownFileType = sourcecode.swift; path = "Movie+Upcoming.swift"; sourceTree = "<group>"; };
		7691483B287DF7EC00628BEB /* Movie+Popular.swift */ = {isa = PBXFileReference; lastKnownFileType = sourcecode.swift; path = "Movie+Popular.swift"; sourceTree = "<group>"; };
		7691483C287DF7EC00628BEB /* Movie+NowPlaying.swift */ = {isa = PBXFileReference; lastKnownFileType = sourcecode.swift; path = "Movie+NowPlaying.swift"; sourceTree = "<group>"; };
		76914843287E145100628BEB /* FeaturedViewController+UICollectionViewDataSource.swift */ = {isa = PBXFileReference; lastKnownFileType = sourcecode.swift; path = "FeaturedViewController+UICollectionViewDataSource.swift"; sourceTree = "<group>"; };
		7695DCFD28873E2A00FF42A8 /* PosterViewController.swift */ = {isa = PBXFileReference; lastKnownFileType = sourcecode.swift; path = PosterViewController.swift; sourceTree = "<group>"; };
		76A8C752287F3F01008B2784 /* DetailsViewController.swift */ = {isa = PBXFileReference; lastKnownFileType = sourcecode.swift; path = DetailsViewController.swift; sourceTree = "<group>"; };
		76A8C754287F47E2008B2784 /* FeaturedViewController+UICollectionViewDelegate.swift */ = {isa = PBXFileReference; lastKnownFileType = sourcecode.swift; path = "FeaturedViewController+UICollectionViewDelegate.swift"; sourceTree = "<group>"; };
		76B9DAF02881E7F200AAFD2C /* TMDB-Info.plist */ = {isa = PBXFileReference; lastKnownFileType = text.plist.xml; path = "TMDB-Info.plist"; sourceTree = "<group>"; };
		76B9DAF22881EC5900AAFD2C /* Movie+API.swift */ = {isa = PBXFileReference; fileEncoding = 4; lastKnownFileType = sourcecode.swift; path = "Movie+API.swift"; sourceTree = "<group>"; };
		76B9DAF42881F8C800AAFD2C /* MoviesResponse.swift */ = {isa = PBXFileReference; lastKnownFileType = sourcecode.swift; path = MoviesResponse.swift; sourceTree = "<group>"; };
		76F4F7E12873777800770739 /* Testezinho.app */ = {isa = PBXFileReference; explicitFileType = wrapper.application; includeInIndex = 0; path = Testezinho.app; sourceTree = BUILT_PRODUCTS_DIR; };
		76F4F7E42873777800770739 /* AppDelegate.swift */ = {isa = PBXFileReference; lastKnownFileType = sourcecode.swift; path = AppDelegate.swift; sourceTree = "<group>"; };
		76F4F7E62873777800770739 /* SceneDelegate.swift */ = {isa = PBXFileReference; lastKnownFileType = sourcecode.swift; path = SceneDelegate.swift; sourceTree = "<group>"; };
		76F4F7E82873777800770739 /* FeaturedViewController.swift */ = {isa = PBXFileReference; lastKnownFileType = sourcecode.swift; path = FeaturedViewController.swift; sourceTree = "<group>"; };
		76F4F7EB2873777800770739 /* Base */ = {isa = PBXFileReference; lastKnownFileType = file.storyboard; name = Base; path = Base.lproj/Main.storyboard; sourceTree = "<group>"; };
		76F4F7ED2873777800770739 /* Assets.xcassets */ = {isa = PBXFileReference; lastKnownFileType = folder.assetcatalog; path = Assets.xcassets; sourceTree = "<group>"; };
		76F4F7F02873777800770739 /* Base */ = {isa = PBXFileReference; lastKnownFileType = file.storyboard; name = Base; path = Base.lproj/LaunchScreen.storyboard; sourceTree = "<group>"; };
		76F4F7F22873777800770739 /* Info.plist */ = {isa = PBXFileReference; lastKnownFileType = text.plist.xml; path = Info.plist; sourceTree = "<group>"; };
/* End PBXFileReference section */

/* Begin PBXFrameworksBuildPhase section */
		76F4F7DE2873777800770739 /* Frameworks */ = {
			isa = PBXFrameworksBuildPhase;
			buildActionMask = 2147483647;
			files = (
			);
			runOnlyForDeploymentPostprocessing = 0;
		};
/* End PBXFrameworksBuildPhase section */

/* Begin PBXGroup section */
		760072C3287C99270021D774 /* Controllers */ = {
			isa = PBXGroup;
			children = (
				76F4F7E82873777800770739 /* FeaturedViewController.swift */,
				76914843287E145100628BEB /* FeaturedViewController+UICollectionViewDataSource.swift */,
				76A8C752287F3F01008B2784 /* DetailsViewController.swift */,
				76A8C754287F47E2008B2784 /* FeaturedViewController+UICollectionViewDelegate.swift */,
				7695DCFD28873E2A00FF42A8 /* PosterViewController.swift */,
			);
			path = Controllers;
			sourceTree = "<group>";
		};
		760072C4287C99DC0021D774 /* View */ = {
			isa = PBXGroup;
			children = (
				76F4F7EA2873777800770739 /* Main.storyboard */,
				76F4F7EF2873777800770739 /* LaunchScreen.storyboard */,
				760072BD287C98050021D774 /* PopularCollectionViewCell.swift */,
				760072BF287C984B0021D774 /* NowPlayingCollectionViewCell.swift */,
				760072C1287C989A0021D774 /* UpcomingCollectionViewCell.swift */,
			);
			path = View;
			sourceTree = "<group>";
		};
		760072C5287C9E140021D774 /* SupportingFiles */ = {
			isa = PBXGroup;
			children = (
				76F4F7ED2873777800770739 /* Assets.xcassets */,
				76F4F7F22873777800770739 /* Info.plist */,
				76B9DAF02881E7F200AAFD2C /* TMDB-Info.plist */,
			);
			name = SupportingFiles;
			sourceTree = "<group>";
		};
		76914830287DEDF000628BEB /* Model */ = {
			isa = PBXGroup;
			children = (
				76B9DAF22881EC5900AAFD2C /* Movie+API.swift */,
				76914838287DF7EC00628BEB /* Movie.swift */,
				7691483C287DF7EC00628BEB /* Movie+NowPlaying.swift */,
				7691483B287DF7EC00628BEB /* Movie+Popular.swift */,
				76914839287DF7EC00628BEB /* Movie+TrendingThisWeek.swift */,
				76914837287DF7EC00628BEB /* Movie+TrendingToday.swift */,
				7691483A287DF7EC00628BEB /* Movie+Upcoming.swift */,
				76914833287DF4F400628BEB /* movie_data */,
				76B9DAF42881F8C800AAFD2C /* MoviesResponse.swift */,
			);
			path = Model;
			sourceTree = "<group>";
		};
		76F4F7D82873777800770739 = {
			isa = PBXGroup;
			children = (
				76F4F7E32873777800770739 /* Testezinho */,
				76F4F7E22873777800770739 /* Products */,
			);
			sourceTree = "<group>";
		};
		76F4F7E22873777800770739 /* Products */ = {
			isa = PBXGroup;
			children = (
				76F4F7E12873777800770739 /* Testezinho.app */,
			);
			name = Products;
			sourceTree = "<group>";
		};
		76F4F7E32873777800770739 /* Testezinho */ = {
			isa = PBXGroup;
			children = (
				76F4F7E42873777800770739 /* AppDelegate.swift */,
				76F4F7E62873777800770739 /* SceneDelegate.swift */,
				760072C3287C99270021D774 /* Controllers */,
				76914830287DEDF000628BEB /* Model */,
				760072C5287C9E140021D774 /* SupportingFiles */,
				760072C4287C99DC0021D774 /* View */,
			);
			path = Testezinho;
			sourceTree = "<group>";
		};
/* End PBXGroup section */

/* Begin PBXNativeTarget section */
		76F4F7E02873777800770739 /* Testezinho */ = {
			isa = PBXNativeTarget;
			buildConfigurationList = 76F4F7F52873777800770739 /* Build configuration list for PBXNativeTarget "Testezinho" */;
			buildPhases = (
				76F4F7DD2873777800770739 /* Sources */,
				76F4F7DE2873777800770739 /* Frameworks */,
				76F4F7DF2873777800770739 /* Resources */,
			);
			buildRules = (
			);
			dependencies = (
			);
			name = Testezinho;
			productName = Testezinho;
			productReference = 76F4F7E12873777800770739 /* Testezinho.app */;
			productType = "com.apple.product-type.application";
		};
/* End PBXNativeTarget section */

/* Begin PBXProject section */
		76F4F7D92873777800770739 /* Project object */ = {
			isa = PBXProject;
			attributes = {
				BuildIndependentTargetsInParallel = 1;
				LastSwiftUpdateCheck = 1320;
				LastUpgradeCheck = 1320;
				TargetAttributes = {
					76F4F7E02873777800770739 = {
						CreatedOnToolsVersion = 13.2.1;
					};
				};
			};
			buildConfigurationList = 76F4F7DC2873777800770739 /* Build configuration list for PBXProject "Testezinho" */;
			compatibilityVersion = "Xcode 13.0";
			developmentRegion = en;
			hasScannedForEncodings = 0;
			knownRegions = (
				en,
				Base,
			);
			mainGroup = 76F4F7D82873777800770739;
			productRefGroup = 76F4F7E22873777800770739 /* Products */;
			projectDirPath = "";
			projectRoot = "";
			targets = (
				76F4F7E02873777800770739 /* Testezinho */,
			);
		};
/* End PBXProject section */

/* Begin PBXResourcesBuildPhase section */
		76F4F7DF2873777800770739 /* Resources */ = {
			isa = PBXResourcesBuildPhase;
			buildActionMask = 2147483647;
			files = (
				76B9DAF12881E7F200AAFD2C /* TMDB-Info.plist in Resources */,
				76F4F7F12873777800770739 /* LaunchScreen.storyboard in Resources */,
				76F4F7EE2873777800770739 /* Assets.xcassets in Resources */,
				76F4F7EC2873777800770739 /* Main.storyboard in Resources */,
				76914834287DF4F400628BEB /* movie_data in Resources */,
			);
			runOnlyForDeploymentPostprocessing = 0;
		};
/* End PBXResourcesBuildPhase section */

/* Begin PBXSourcesBuildPhase section */
		76F4F7DD2873777800770739 /* Sources */ = {
			isa = PBXSourcesBuildPhase;
			buildActionMask = 2147483647;
			files = (
				760072C2287C989A0021D774 /* UpcomingCollectionViewCell.swift in Sources */,
				7691483F287DF7EC00628BEB /* Movie+NowPlaying.swift in Sources */,
				76914841287DF7EC00628BEB /* Movie+TrendingToday.swift in Sources */,
				760072C0287C984B0021D774 /* NowPlayingCollectionViewCell.swift in Sources */,
				76914844287E145100628BEB /* FeaturedViewController+UICollectionViewDataSource.swift in Sources */,
				76914842287DF7EC00628BEB /* Movie+Upcoming.swift in Sources */,
				760072BE287C98050021D774 /* PopularCollectionViewCell.swift in Sources */,
				76914840287DF7EC00628BEB /* Movie.swift in Sources */,
				7691483D287DF7EC00628BEB /* Movie+TrendingThisWeek.swift in Sources */,
				7691483E287DF7EC00628BEB /* Movie+Popular.swift in Sources */,
				76F4F7E92873777800770739 /* FeaturedViewController.swift in Sources */,
				7695DCFE28873E2A00FF42A8 /* PosterViewController.swift in Sources */,
				76A8C755287F47E2008B2784 /* FeaturedViewController+UICollectionViewDelegate.swift in Sources */,
				76A8C753287F3F01008B2784 /* DetailsViewController.swift in Sources */,
				76B9DAF52881F8C800AAFD2C /* MoviesResponse.swift in Sources */,
				76F4F7E52873777800770739 /* AppDelegate.swift in Sources */,
				76F4F7E72873777800770739 /* SceneDelegate.swift in Sources */,
				76B9DAF32881EC5900AAFD2C /* Movie+API.swift in Sources */,
			);
			runOnlyForDeploymentPostprocessing = 0;
		};
/* End PBXSourcesBuildPhase section */

/* Begin PBXVariantGroup section */
		76F4F7EA2873777800770739 /* Main.storyboard */ = {
			isa = PBXVariantGroup;
			children = (
				76F4F7EB2873777800770739 /* Base */,
			);
			name = Main.storyboard;
			sourceTree = "<group>";
		};
		76F4F7EF2873777800770739 /* LaunchScreen.storyboard */ = {
			isa = PBXVariantGroup;
			children = (
				76F4F7F02873777800770739 /* Base */,
			);
			name = LaunchScreen.storyboard;
			sourceTree = "<group>";
		};
/* End PBXVariantGroup section */

/* Begin XCBuildConfiguration section */
		76F4F7F32873777800770739 /* Debug */ = {
			isa = XCBuildConfiguration;
			buildSettings = {
				ALWAYS_SEARCH_USER_PATHS = NO;
				CLANG_ANALYZER_NONNULL = YES;
				CLANG_ANALYZER_NUMBER_OBJECT_CONVERSION = YES_AGGRESSIVE;
				CLANG_CXX_LANGUAGE_STANDARD = "gnu++17";
				CLANG_CXX_LIBRARY = "libc++";
				CLANG_ENABLE_MODULES = YES;
				CLANG_ENABLE_OBJC_ARC = YES;
				CLANG_ENABLE_OBJC_WEAK = YES;
				CLANG_WARN_BLOCK_CAPTURE_AUTORELEASING = YES;
				CLANG_WARN_BOOL_CONVERSION = YES;
				CLANG_WARN_COMMA = YES;
				CLANG_WARN_CONSTANT_CONVERSION = YES;
				CLANG_WARN_DEPRECATED_OBJC_IMPLEMENTATIONS = YES;
				CLANG_WARN_DIRECT_OBJC_ISA_USAGE = YES_ERROR;
				CLANG_WARN_DOCUMENTATION_COMMENTS = YES;
				CLANG_WARN_EMPTY_BODY = YES;
				CLANG_WARN_ENUM_CONVERSION = YES;
				CLANG_WARN_INFINITE_RECURSION = YES;
				CLANG_WARN_INT_CONVERSION = YES;
				CLANG_WARN_NON_LITERAL_NULL_CONVERSION = YES;
				CLANG_WARN_OBJC_IMPLICIT_RETAIN_SELF = YES;
				CLANG_WARN_OBJC_LITERAL_CONVERSION = YES;
				CLANG_WARN_OBJC_ROOT_CLASS = YES_ERROR;
				CLANG_WARN_QUOTED_INCLUDE_IN_FRAMEWORK_HEADER = YES;
				CLANG_WARN_RANGE_LOOP_ANALYSIS = YES;
				CLANG_WARN_STRICT_PROTOTYPES = YES;
				CLANG_WARN_SUSPICIOUS_MOVE = YES;
				CLANG_WARN_UNGUARDED_AVAILABILITY = YES_AGGRESSIVE;
				CLANG_WARN_UNREACHABLE_CODE = YES;
				CLANG_WARN__DUPLICATE_METHOD_MATCH = YES;
				COPY_PHASE_STRIP = NO;
				DEBUG_INFORMATION_FORMAT = dwarf;
				ENABLE_STRICT_OBJC_MSGSEND = YES;
				ENABLE_TESTABILITY = YES;
				GCC_C_LANGUAGE_STANDARD = gnu11;
				GCC_DYNAMIC_NO_PIC = NO;
				GCC_NO_COMMON_BLOCKS = YES;
				GCC_OPTIMIZATION_LEVEL = 0;
				GCC_PREPROCESSOR_DEFINITIONS = (
					"DEBUG=1",
					"$(inherited)",
				);
				GCC_WARN_64_TO_32_BIT_CONVERSION = YES;
				GCC_WARN_ABOUT_RETURN_TYPE = YES_ERROR;
				GCC_WARN_UNDECLARED_SELECTOR = YES;
				GCC_WARN_UNINITIALIZED_AUTOS = YES_AGGRESSIVE;
				GCC_WARN_UNUSED_FUNCTION = YES;
				GCC_WARN_UNUSED_VARIABLE = YES;
				IPHONEOS_DEPLOYMENT_TARGET = 15.2;
				MTL_ENABLE_DEBUG_INFO = INCLUDE_SOURCE;
				MTL_FAST_MATH = YES;
				ONLY_ACTIVE_ARCH = YES;
				SDKROOT = iphoneos;
				SWIFT_ACTIVE_COMPILATION_CONDITIONS = DEBUG;
				SWIFT_OPTIMIZATION_LEVEL = "-Onone";
			};
			name = Debug;
		};
		76F4F7F42873777800770739 /* Release */ = {
			isa = XCBuildConfiguration;
			buildSettings = {
				ALWAYS_SEARCH_USER_PATHS = NO;
				CLANG_ANALYZER_NONNULL = YES;
				CLANG_ANALYZER_NUMBER_OBJECT_CONVERSION = YES_AGGRESSIVE;
				CLANG_CXX_LANGUAGE_STANDARD = "gnu++17";
				CLANG_CXX_LIBRARY = "libc++";
				CLANG_ENABLE_MODULES = YES;
				CLANG_ENABLE_OBJC_ARC = YES;
				CLANG_ENABLE_OBJC_WEAK = YES;
				CLANG_WARN_BLOCK_CAPTURE_AUTORELEASING = YES;
				CLANG_WARN_BOOL_CONVERSION = YES;
				CLANG_WARN_COMMA = YES;
				CLANG_WARN_CONSTANT_CONVERSION = YES;
				CLANG_WARN_DEPRECATED_OBJC_IMPLEMENTATIONS = YES;
				CLANG_WARN_DIRECT_OBJC_ISA_USAGE = YES_ERROR;
				CLANG_WARN_DOCUMENTATION_COMMENTS = YES;
				CLANG_WARN_EMPTY_BODY = YES;
				CLANG_WARN_ENUM_CONVERSION = YES;
				CLANG_WARN_INFINITE_RECURSION = YES;
				CLANG_WARN_INT_CONVERSION = YES;
				CLANG_WARN_NON_LITERAL_NULL_CONVERSION = YES;
				CLANG_WARN_OBJC_IMPLICIT_RETAIN_SELF = YES;
				CLANG_WARN_OBJC_LITERAL_CONVERSION = YES;
				CLANG_WARN_OBJC_ROOT_CLASS = YES_ERROR;
				CLANG_WARN_QUOTED_INCLUDE_IN_FRAMEWORK_HEADER = YES;
				CLANG_WARN_RANGE_LOOP_ANALYSIS = YES;
				CLANG_WARN_STRICT_PROTOTYPES = YES;
				CLANG_WARN_SUSPICIOUS_MOVE = YES;
				CLANG_WARN_UNGUARDED_AVAILABILITY = YES_AGGRESSIVE;
				CLANG_WARN_UNREACHABLE_CODE = YES;
				CLANG_WARN__DUPLICATE_METHOD_MATCH = YES;
				COPY_PHASE_STRIP = NO;
				DEBUG_INFORMATION_FORMAT = "dwarf-with-dsym";
				ENABLE_NS_ASSERTIONS = NO;
				ENABLE_STRICT_OBJC_MSGSEND = YES;
				GCC_C_LANGUAGE_STANDARD = gnu11;
				GCC_NO_COMMON_BLOCKS = YES;
				GCC_WARN_64_TO_32_BIT_CONVERSION = YES;
				GCC_WARN_ABOUT_RETURN_TYPE = YES_ERROR;
				GCC_WARN_UNDECLARED_SELECTOR = YES;
				GCC_WARN_UNINITIALIZED_AUTOS = YES_AGGRESSIVE;
				GCC_WARN_UNUSED_FUNCTION = YES;
				GCC_WARN_UNUSED_VARIABLE = YES;
				IPHONEOS_DEPLOYMENT_TARGET = 15.2;
				MTL_ENABLE_DEBUG_INFO = NO;
				MTL_FAST_MATH = YES;
				SDKROOT = iphoneos;
				SWIFT_COMPILATION_MODE = wholemodule;
				SWIFT_OPTIMIZATION_LEVEL = "-O";
				VALIDATE_PRODUCT = YES;
			};
			name = Release;
		};
		76F4F7F62873777800770739 /* Debug */ = {
			isa = XCBuildConfiguration;
			buildSettings = {
				ASSETCATALOG_COMPILER_APPICON_NAME = AppIcon;
				ASSETCATALOG_COMPILER_GLOBAL_ACCENT_COLOR_NAME = AccentColor;
				CODE_SIGN_STYLE = Automatic;
				CURRENT_PROJECT_VERSION = 1;
				DEVELOPMENT_TEAM = FC7GCWUH3W;
				GENERATE_INFOPLIST_FILE = YES;
				INFOPLIST_FILE = Testezinho/Info.plist;
				INFOPLIST_KEY_UIApplicationSupportsIndirectInputEvents = YES;
				INFOPLIST_KEY_UILaunchStoryboardName = LaunchScreen;
				INFOPLIST_KEY_UIMainStoryboardFile = Main;
				INFOPLIST_KEY_UISupportedInterfaceOrientations_iPad = "UIInterfaceOrientationPortrait UIInterfaceOrientationPortraitUpsideDown UIInterfaceOrientationLandscapeLeft UIInterfaceOrientationLandscapeRight";
				INFOPLIST_KEY_UISupportedInterfaceOrientations_iPhone = "UIInterfaceOrientationPortrait UIInterfaceOrientationLandscapeLeft UIInterfaceOrientationLandscapeRight";
				LD_RUNPATH_SEARCH_PATHS = (
					"$(inherited)",
					"@executable_path/Frameworks",
				);
				MARKETING_VERSION = 1.0;
				PRODUCT_BUNDLE_IDENTIFIER = br.ufpe.cin.academy.mlbo.Testezinho;
				PRODUCT_NAME = "$(TARGET_NAME)";
				SWIFT_EMIT_LOC_STRINGS = YES;
				SWIFT_VERSION = 5.0;
				TARGETED_DEVICE_FAMILY = "1,2";
			};
			name = Debug;
		};
		76F4F7F72873777800770739 /* Release */ = {
			isa = XCBuildConfiguration;
			buildSettings = {
				ASSETCATALOG_COMPILER_APPICON_NAME = AppIcon;
				ASSETCATALOG_COMPILER_GLOBAL_ACCENT_COLOR_NAME = AccentColor;
				CODE_SIGN_STYLE = Automatic;
				CURRENT_PROJECT_VERSION = 1;
				DEVELOPMENT_TEAM = FC7GCWUH3W;
				GENERATE_INFOPLIST_FILE = YES;
				INFOPLIST_FILE = Testezinho/Info.plist;
				INFOPLIST_KEY_UIApplicationSupportsIndirectInputEvents = YES;
				INFOPLIST_KEY_UILaunchStoryboardName = LaunchScreen;
				INFOPLIST_KEY_UIMainStoryboardFile = Main;
				INFOPLIST_KEY_UISupportedInterfaceOrientations_iPad = "UIInterfaceOrientationPortrait UIInterfaceOrientationPortraitUpsideDown UIInterfaceOrientationLandscapeLeft UIInterfaceOrientationLandscapeRight";
				INFOPLIST_KEY_UISupportedInterfaceOrientations_iPhone = "UIInterfaceOrientationPortrait UIInterfaceOrientationLandscapeLeft UIInterfaceOrientationLandscapeRight";
				LD_RUNPATH_SEARCH_PATHS = (
					"$(inherited)",
					"@executable_path/Frameworks",
				);
				MARKETING_VERSION = 1.0;
				PRODUCT_BUNDLE_IDENTIFIER = br.ufpe.cin.academy.mlbo.Testezinho;
				PRODUCT_NAME = "$(TARGET_NAME)";
				SWIFT_EMIT_LOC_STRINGS = YES;
				SWIFT_VERSION = 5.0;
				TARGETED_DEVICE_FAMILY = "1,2";
			};
			name = Release;
		};
/* End XCBuildConfiguration section */

/* Begin XCConfigurationList section */
		76F4F7DC2873777800770739 /* Build configuration list for PBXProject "Testezinho" */ = {
			isa = XCConfigurationList;
			buildConfigurations = (
				76F4F7F32873777800770739 /* Debug */,
				76F4F7F42873777800770739 /* Release */,
			);
			defaultConfigurationIsVisible = 0;
			defaultConfigurationName = Release;
		};
		76F4F7F52873777800770739 /* Build configuration list for PBXNativeTarget "Testezinho" */ = {
			isa = XCConfigurationList;
			buildConfigurations = (
				76F4F7F62873777800770739 /* Debug */,
				76F4F7F72873777800770739 /* Release */,
			);
			defaultConfigurationIsVisible = 0;
			defaultConfigurationName = Release;
		};
/* End XCConfigurationList section */
	};
	rootObject = 76F4F7D92873777800770739 /* Project object */;
}
